PODS:
  - DTPagerController (1.1.7)
  - HMSegmentedControl (1.5.4)

DEPENDENCIES:
  - DTPagerController (from `../`)
  - HMSegmentedControl

EXTERNAL SOURCES:
  DTPagerController:
    :path: ../

SPEC CHECKSUMS:
  DTPagerController: 97e86f53fb6e88c6a5fef4c2602c8fe464899f8c
  HMSegmentedControl: b25bc4ec44766e073d62c473188fb354ee244b76

PODFILE CHECKSUM: d3502fa2b7aff5b5534a1066324fceca2c0e3e43

COCOAPODS: 1.4.0
